
Microsoft Visual Studio Solution File, Format Version 12.00
# Visual Studio Version 17
VisualStudioVersion = 17.13.35806.99 d17.13
MinimumVisualStudioVersion = 10.0.40219.1
Project("{FAE04EC0-301F-11D3-BF4B-00C04F79EFBC}") = "Lab 4 UDP чат доработка", "Lab 4 UDP чат доработка\Lab 4 UDP чат доработка.csproj", "{3A2F8222-CBB7-45DA-91E7-305487AE7D2C}"
EndProject
Global
	GlobalSection(SolutionConfigurationPlatforms) = preSolution
		Debug|Any CPU = Debug|Any CPU
		Release|Any CPU = Release|Any CPU
	EndGlobalSection
	GlobalSection(ProjectConfigurationPlatforms) = postSolution
		{3A2F8222-CBB7-45DA-91E7-305487AE7D2C}.Debug|Any CPU.ActiveCfg = Debug|Any CPU
		{3A2F8222-CBB7-45DA-91E7-305487AE7D2C}.Debug|Any CPU.Build.0 = Debug|Any CPU
		{3A2F8222-CBB7-45DA-91E7-305487AE7D2C}.Release|Any CPU.ActiveCfg = Release|Any CPU
		{3A2F8222-CBB7-45DA-91E7-305487AE7D2C}.Release|Any CPU.Build.0 = Release|Any CPU
	EndGlobalSection
	GlobalSection(SolutionProperties) = preSolution
		HideSolutionNode = FALSE
	EndGlobalSection
	GlobalSection(ExtensibilityGlobals) = postSolution
		SolutionGuid = {782CBB34-8888-46E4-AFE1-72107EAF5C56}
	EndGlobalSection
EndGlobal
